
Microsoft Visual Studio Solution File, Format Version 12.00
# Visual Studio Version 16
VisualStudioVersion = 16.0.31911.196
MinimumVisualStudioVersion = 10.0.40219.1
Project("{FAE04EC0-301F-11D3-BF4B-00C04F79EFBC}") = "SadrTools.CommonTools", "SadrTools.CommonTools\SadrTools.CommonTools.csproj", "{B04033D0-CEEE-4C73-A599-51DBFFD97AED}"
EndProject
Global
	GlobalSection(SolutionConfigurationPlatforms) = preSolution
		Debug|Any CPU = Debug|Any CPU
		Release|Any CPU = Release|Any CPU
	EndGlobalSection
	GlobalSection(ProjectConfigurationPlatforms) = postSolution
		{B04033D0-CEEE-4C73-A599-51DBFFD97AED}.Debug|Any CPU.ActiveCfg = Debug|Any CPU
		{B04033D0-CEEE-4C73-A599-51DBFFD97AED}.Debug|Any CPU.Build.0 = Debug|Any CPU
		{B04033D0-CEEE-4C73-A599-51DBFFD97AED}.Release|Any CPU.ActiveCfg = Release|Any CPU
		{B04033D0-CEEE-4C73-A599-51DBFFD97AED}.Release|Any CPU.Build.0 = Release|Any CPU
	EndGlobalSection
	GlobalSection(SolutionProperties) = preSolution
		HideSolutionNode = FALSE
	EndGlobalSection
	GlobalSection(ExtensibilityGlobals) = postSolution
		SolutionGuid = {DEC10A9D-31B6-418B-8A64-07D06C7F9D86}
	EndGlobalSection
EndGlobal
